
Microsoft Visual Studio Solution File, Format Version 12.00
# Visual Studio Version 16
VisualStudioVersion = 16.0.32510.428
MinimumVisualStudioVersion = 10.0.40219.1
Project("{FAE04EC0-301F-11D3-BF4B-00C04F79EFBC}") = "DatosEnMemoria", "DatosEnMemoria\DatosEnMemoria.csproj", "{050E8069-BB67-4B73-AC16-544385884890}"
EndProject
Project("{FAE04EC0-301F-11D3-BF4B-00C04F79EFBC}") = "Dominio", "Dominio\Dominio.csproj", "{4265B03C-79B3-4676-8EAD-AF5A70556A6B}"
EndProject
Project("{FAE04EC0-301F-11D3-BF4B-00C04F79EFBC}") = "Excepciones", "Excepciones\Excepciones.csproj", "{CCC716FD-E048-45A8-B71E-78816D65B377}"
EndProject
Project("{FAE04EC0-301F-11D3-BF4B-00C04F79EFBC}") = "LogicaDeNegocio", "LogicaDeNegocio\LogicaDeNegocio.csproj", "{94BA5997-6CDF-4FC9-B0FD-72B2117276A2}"
EndProject
Project("{FAE04EC0-301F-11D3-BF4B-00C04F79EFBC}") = "Interfaz", "Interfaz2\Interfaz.csproj", "{108A4713-42A2-4A46-ACA8-4E3EE13929A1}"
EndProject
Project("{FAE04EC0-301F-11D3-BF4B-00C04F79EFBC}") = "AccesoDatos", "AccesoDatos\AccesoDatos.csproj", "{C6D85E3F-D2A8-4A0E-B218-0E14D01777A0}"
EndProject
Project("{FAE04EC0-301F-11D3-BF4B-00C04F79EFBC}") = "Pruebas", "Pruebas\Pruebas.csproj", "{516E8220-A674-4ECD-A1F7-BEE6B8608F5A}"
EndProject
Global
	GlobalSection(SolutionConfigurationPlatforms) = preSolution
		Debug|Any CPU = Debug|Any CPU
		Release|Any CPU = Release|Any CPU
	EndGlobalSection
	GlobalSection(ProjectConfigurationPlatforms) = postSolution
		{050E8069-BB67-4B73-AC16-544385884890}.Debug|Any CPU.ActiveCfg = Debug|Any CPU
		{050E8069-BB67-4B73-AC16-544385884890}.Debug|Any CPU.Build.0 = Debug|Any CPU
		{050E8069-BB67-4B73-AC16-544385884890}.Release|Any CPU.ActiveCfg = Release|Any CPU
		{050E8069-BB67-4B73-AC16-544385884890}.Release|Any CPU.Build.0 = Release|Any CPU
		{4265B03C-79B3-4676-8EAD-AF5A70556A6B}.Debug|Any CPU.ActiveCfg = Debug|Any CPU
		{4265B03C-79B3-4676-8EAD-AF5A70556A6B}.Debug|Any CPU.Build.0 = Debug|Any CPU
		{4265B03C-79B3-4676-8EAD-AF5A70556A6B}.Release|Any CPU.ActiveCfg = Release|Any CPU
		{4265B03C-79B3-4676-8EAD-AF5A70556A6B}.Release|Any CPU.Build.0 = Release|Any CPU
		{CCC716FD-E048-45A8-B71E-78816D65B377}.Debug|Any CPU.ActiveCfg = Debug|Any CPU
		{CCC716FD-E048-45A8-B71E-78816D65B377}.Debug|Any CPU.Build.0 = Debug|Any CPU
		{CCC716FD-E048-45A8-B71E-78816D65B377}.Release|Any CPU.ActiveCfg = Release|Any CPU
		{CCC716FD-E048-45A8-B71E-78816D65B377}.Release|Any CPU.Build.0 = Release|Any CPU
		{94BA5997-6CDF-4FC9-B0FD-72B2117276A2}.Debug|Any CPU.ActiveCfg = Debug|Any CPU
		{94BA5997-6CDF-4FC9-B0FD-72B2117276A2}.Debug|Any CPU.Build.0 = Debug|Any CPU
		{94BA5997-6CDF-4FC9-B0FD-72B2117276A2}.Release|Any CPU.ActiveCfg = Release|Any CPU
		{94BA5997-6CDF-4FC9-B0FD-72B2117276A2}.Release|Any CPU.Build.0 = Release|Any CPU
		{108A4713-42A2-4A46-ACA8-4E3EE13929A1}.Debug|Any CPU.ActiveCfg = Debug|Any CPU
		{108A4713-42A2-4A46-ACA8-4E3EE13929A1}.Debug|Any CPU.Build.0 = Debug|Any CPU
		{108A4713-42A2-4A46-ACA8-4E3EE13929A1}.Release|Any CPU.ActiveCfg = Release|Any CPU
		{108A4713-42A2-4A46-ACA8-4E3EE13929A1}.Release|Any CPU.Build.0 = Release|Any CPU
		{FEA0C158-8A22-46E4-B91D-30FF3A4410D5}.Debug|Any CPU.ActiveCfg = Debug|Any CPU
		{FEA0C158-8A22-46E4-B91D-30FF3A4410D5}.Debug|Any CPU.Build.0 = Debug|Any CPU
		{FEA0C158-8A22-46E4-B91D-30FF3A4410D5}.Release|Any CPU.ActiveCfg = Release|Any CPU
		{FEA0C158-8A22-46E4-B91D-30FF3A4410D5}.Release|Any CPU.Build.0 = Release|Any CPU
		{C6D85E3F-D2A8-4A0E-B218-0E14D01777A0}.Debug|Any CPU.ActiveCfg = Debug|Any CPU
		{C6D85E3F-D2A8-4A0E-B218-0E14D01777A0}.Debug|Any CPU.Build.0 = Debug|Any CPU
		{C6D85E3F-D2A8-4A0E-B218-0E14D01777A0}.Release|Any CPU.ActiveCfg = Release|Any CPU
		{C6D85E3F-D2A8-4A0E-B218-0E14D01777A0}.Release|Any CPU.Build.0 = Release|Any CPU
		{516E8220-A674-4ECD-A1F7-BEE6B8608F5A}.Debug|Any CPU.ActiveCfg = Debug|Any CPU
		{516E8220-A674-4ECD-A1F7-BEE6B8608F5A}.Debug|Any CPU.Build.0 = Debug|Any CPU
		{516E8220-A674-4ECD-A1F7-BEE6B8608F5A}.Release|Any CPU.ActiveCfg = Release|Any CPU
		{516E8220-A674-4ECD-A1F7-BEE6B8608F5A}.Release|Any CPU.Build.0 = Release|Any CPU
	EndGlobalSection
	GlobalSection(SolutionProperties) = preSolution
		HideSolutionNode = FALSE
	EndGlobalSection
	GlobalSection(ExtensibilityGlobals) = postSolution
		SolutionGuid = {7EFEB180-352B-48A8-83C0-9B2D085499FF}
	EndGlobalSection
EndGlobal
